
Microsoft Visual Studio Solution File, Format Version 12.00
# Visual Studio 15
VisualStudioVersion = 15.0.28307.705
MinimumVisualStudioVersion = 10.0.40219.1
Project("{FAE04EC0-301F-11D3-BF4B-00C04F79EFBC}") = "CxC.Datos", "CxC.Datos\CxC.Datos.csproj", "{C4CEB736-7C31-4E51-96A5-CA647BBB121A}"
EndProject
Project("{FAE04EC0-301F-11D3-BF4B-00C04F79EFBC}") = "CxC.Negocio", "CxC.Negocio\CxC.Negocio.csproj", "{EFB1A962-9C5F-4721-8936-0AE3D2BDE5DC}"
EndProject
Project("{FAE04EC0-301F-11D3-BF4B-00C04F79EFBC}") = "CxC.Objetos", "CxC.Objetos\CxC.Objetos.csproj", "{9BB1C70C-E869-47D6-95F9-948127619E6F}"
EndProject
Project("{FAE04EC0-301F-11D3-BF4B-00C04F79EFBC}") = "CxC.Servicios", "CxC.Servicios\CxC.Servicios.csproj", "{1B3C6106-5886-4396-97DA-C5B2144197B9}"
EndProject
Project("{FAE04EC0-301F-11D3-BF4B-00C04F79EFBC}") = "CxC.UIProcess", "CxC.UIProcess\CxC.UIProcess.csproj", "{288EE827-2A68-4C35-A92A-89ED0D600C1B}"
EndProject
Project("{FAE04EC0-301F-11D3-BF4B-00C04F79EFBC}") = "CxC.Utilitarios", "CxC.Utilitarios\CxC.Utilitarios.csproj", "{7D966118-00A3-4C7B-8F6F-5F7BD5B34AB8}"
EndProject
Project("{FAE04EC0-301F-11D3-BF4B-00C04F79EFBC}") = "CxC.UI", "CxC.UI\CxC.UI.csproj", "{10F59DD1-CC56-446D-A939-638F1F2C7CD2}"
EndProject
Global
	GlobalSection(SolutionConfigurationPlatforms) = preSolution
		Debug|Any CPU = Debug|Any CPU
		Release|Any CPU = Release|Any CPU
	EndGlobalSection
	GlobalSection(ProjectConfigurationPlatforms) = postSolution
		{C4CEB736-7C31-4E51-96A5-CA647BBB121A}.Debug|Any CPU.ActiveCfg = Debug|Any CPU
		{C4CEB736-7C31-4E51-96A5-CA647BBB121A}.Debug|Any CPU.Build.0 = Debug|Any CPU
		{C4CEB736-7C31-4E51-96A5-CA647BBB121A}.Release|Any CPU.ActiveCfg = Release|Any CPU
		{C4CEB736-7C31-4E51-96A5-CA647BBB121A}.Release|Any CPU.Build.0 = Release|Any CPU
		{EFB1A962-9C5F-4721-8936-0AE3D2BDE5DC}.Debug|Any CPU.ActiveCfg = Debug|Any CPU
		{EFB1A962-9C5F-4721-8936-0AE3D2BDE5DC}.Debug|Any CPU.Build.0 = Debug|Any CPU
		{EFB1A962-9C5F-4721-8936-0AE3D2BDE5DC}.Release|Any CPU.ActiveCfg = Release|Any CPU
		{EFB1A962-9C5F-4721-8936-0AE3D2BDE5DC}.Release|Any CPU.Build.0 = Release|Any CPU
		{9BB1C70C-E869-47D6-95F9-948127619E6F}.Debug|Any CPU.ActiveCfg = Debug|Any CPU
		{9BB1C70C-E869-47D6-95F9-948127619E6F}.Debug|Any CPU.Build.0 = Debug|Any CPU
		{9BB1C70C-E869-47D6-95F9-948127619E6F}.Release|Any CPU.ActiveCfg = Release|Any CPU
		{9BB1C70C-E869-47D6-95F9-948127619E6F}.Release|Any CPU.Build.0 = Release|Any CPU
		{1B3C6106-5886-4396-97DA-C5B2144197B9}.Debug|Any CPU.ActiveCfg = Debug|Any CPU
		{1B3C6106-5886-4396-97DA-C5B2144197B9}.Debug|Any CPU.Build.0 = Debug|Any CPU
		{1B3C6106-5886-4396-97DA-C5B2144197B9}.Release|Any CPU.ActiveCfg = Release|Any CPU
		{1B3C6106-5886-4396-97DA-C5B2144197B9}.Release|Any CPU.Build.0 = Release|Any CPU
		{288EE827-2A68-4C35-A92A-89ED0D600C1B}.Debug|Any CPU.ActiveCfg = Debug|Any CPU
		{288EE827-2A68-4C35-A92A-89ED0D600C1B}.Debug|Any CPU.Build.0 = Debug|Any CPU
		{288EE827-2A68-4C35-A92A-89ED0D600C1B}.Release|Any CPU.ActiveCfg = Release|Any CPU
		{288EE827-2A68-4C35-A92A-89ED0D600C1B}.Release|Any CPU.Build.0 = Release|Any CPU
		{7D966118-00A3-4C7B-8F6F-5F7BD5B34AB8}.Debug|Any CPU.ActiveCfg = Debug|Any CPU
		{7D966118-00A3-4C7B-8F6F-5F7BD5B34AB8}.Debug|Any CPU.Build.0 = Debug|Any CPU
		{7D966118-00A3-4C7B-8F6F-5F7BD5B34AB8}.Release|Any CPU.ActiveCfg = Release|Any CPU
		{7D966118-00A3-4C7B-8F6F-5F7BD5B34AB8}.Release|Any CPU.Build.0 = Release|Any CPU
		{10F59DD1-CC56-446D-A939-638F1F2C7CD2}.Debug|Any CPU.ActiveCfg = Debug|Any CPU
		{10F59DD1-CC56-446D-A939-638F1F2C7CD2}.Debug|Any CPU.Build.0 = Debug|Any CPU
		{10F59DD1-CC56-446D-A939-638F1F2C7CD2}.Release|Any CPU.ActiveCfg = Release|Any CPU
		{10F59DD1-CC56-446D-A939-638F1F2C7CD2}.Release|Any CPU.Build.0 = Release|Any CPU
	EndGlobalSection
	GlobalSection(SolutionProperties) = preSolution
		HideSolutionNode = FALSE
	EndGlobalSection
	GlobalSection(ExtensibilityGlobals) = postSolution
		SolutionGuid = {104B9BE9-6202-4F68-A232-7D74808AD920}
	EndGlobalSection
EndGlobal
